
Microsoft Visual Studio Solution File, Format Version 11.00
# Visual Studio 2010
Project("{FAE04EC0-301F-11D3-BF4B-00C04F79EFBC}") = "G.L.A.R.G", "Assembly-CSharp-firstpass.csproj", "{7331B6B9-8A67-4F6B-8F24-A6562F47B54E}"
EndProject
Project("{FAE04EC0-301F-11D3-BF4B-00C04F79EFBC}") = "G.L.A.R.G", "Assembly-CSharp.csproj", "{B127FD2B-58FB-5018-4592-9E13509384F2}"
EndProject
Project("{FAE04EC0-301F-11D3-BF4B-00C04F79EFBC}") = "G.L.A.R.G", "Assembly-CSharp-Editor-firstpass.csproj", "{1B4622BD-F430-5EB9-CB8C-7B3B333838F5}"
EndProject
Global
	GlobalSection(SolutionConfigurationPlatforms) = preSolution
		Debug|Any CPU = Debug|Any CPU
		Release|Any CPU = Release|Any CPU
	EndGlobalSection
	GlobalSection(ProjectConfigurationPlatforms) = postSolution
		{7331B6B9-8A67-4F6B-8F24-A6562F47B54E}.Debug|Any CPU.ActiveCfg = Debug|Any CPU
		{7331B6B9-8A67-4F6B-8F24-A6562F47B54E}.Debug|Any CPU.Build.0 = Debug|Any CPU
		{7331B6B9-8A67-4F6B-8F24-A6562F47B54E}.Release|Any CPU.ActiveCfg = Release|Any CPU
		{7331B6B9-8A67-4F6B-8F24-A6562F47B54E}.Release|Any CPU.Build.0 = Release|Any CPU
		{B127FD2B-58FB-5018-4592-9E13509384F2}.Debug|Any CPU.ActiveCfg = Debug|Any CPU
		{B127FD2B-58FB-5018-4592-9E13509384F2}.Debug|Any CPU.Build.0 = Debug|Any CPU
		{B127FD2B-58FB-5018-4592-9E13509384F2}.Release|Any CPU.ActiveCfg = Release|Any CPU
		{B127FD2B-58FB-5018-4592-9E13509384F2}.Release|Any CPU.Build.0 = Release|Any CPU
		{1B4622BD-F430-5EB9-CB8C-7B3B333838F5}.Debug|Any CPU.ActiveCfg = Debug|Any CPU
		{1B4622BD-F430-5EB9-CB8C-7B3B333838F5}.Debug|Any CPU.Build.0 = Debug|Any CPU
		{1B4622BD-F430-5EB9-CB8C-7B3B333838F5}.Release|Any CPU.ActiveCfg = Release|Any CPU
		{1B4622BD-F430-5EB9-CB8C-7B3B333838F5}.Release|Any CPU.Build.0 = Release|Any CPU
	EndGlobalSection
	GlobalSection(SolutionProperties) = preSolution
		HideSolutionNode = FALSE
	EndGlobalSection
	GlobalSection(MonoDevelopProperties) = preSolution
		StartupItem = Assembly-CSharp.csproj
	EndGlobalSection
EndGlobal
